
Microsoft Visual Studio Solution File, Format Version 12.00
# Visual Studio Version 17
VisualStudioVersion = 17.10.34928.147
MinimumVisualStudioVersion = 10.0.40219.1
Project("{9A19103F-16F7-4668-BE54-9A1E7A4F7556}") = "APIGateway", "APIGateway\APIGateway.csproj", "{D84D0949-98FF-4D2C-B5D3-EF891AB00770}"
EndProject
Project("{2150E333-8FDC-42A3-9474-1A3956D46DE8}") = "Services", "Services", "{BD5F3962-5C8A-473B-8D38-6AA35C629DE7}"
EndProject
Project("{9A19103F-16F7-4668-BE54-9A1E7A4F7556}") = "Contact.API", "Services\Contact.API\Contact.API.csproj", "{60831E20-5A78-47BC-B820-497100202D0D}"
EndProject
Project("{9A19103F-16F7-4668-BE54-9A1E7A4F7556}") = "Contact.Infrastructure", "Services\Contact.Infrastructure\Contact.Infrastructure.csproj", "{2ADEF104-CE42-426B-B73C-7757C121EA69}"
EndProject
Project("{9A19103F-16F7-4668-BE54-9A1E7A4F7556}") = "Contact.Core", "Services\Contact.Core\Contact.Core.csproj", "{7E99391E-AEC9-412C-98FF-93D41BD6B3B4}"
EndProject
Project("{9A19103F-16F7-4668-BE54-9A1E7A4F7556}") = "Contact.Application", "Services\Contact.Application\Contact.Application.csproj", "{706EE9AF-3770-4460-9BD7-19C414D1B83D}"
EndProject
Project("{2150E333-8FDC-42A3-9474-1A3956D46DE8}") = "Restaurant", "Restaurant", "{474790D5-9566-493B-B732-A2F06B559423}"
EndProject
Project("{FAE04EC0-301F-11D3-BF4B-00C04F79EFBC}") = "Restaurant.API", "Restaurant\Restaurant.API\Restaurant.API.csproj", "{A97FA813-7967-4CCB-BFD1-88BF921775E3}"
EndProject
Project("{FAE04EC0-301F-11D3-BF4B-00C04F79EFBC}") = "Restaurant.Core", "Restaurant\Restaurant.Core\Restaurant.Core.csproj", "{6ED4EC45-14FA-42B7-A77F-87E3D230010B}"
EndProject
Project("{FAE04EC0-301F-11D3-BF4B-00C04F79EFBC}") = "Restaurant.Application", "Restaurant\Restaurant.Application\Restaurant.Application.csproj", "{2DF911D1-6652-4797-86DE-847718330B19}"
EndProject
Project("{FAE04EC0-301F-11D3-BF4B-00C04F79EFBC}") = "Restaurant.Infrastructure", "Restaurant\Restaurant.Infrastructure\Restaurant.Infrastructure.csproj", "{B748F109-2842-4104-9498-9ACA48020FA1}"
EndProject
Project("{E53339B2-1760-4266-BCC7-CA923CBCF16C}") = "docker-compose", "docker-compose.dcproj", "{E3A6784C-B386-48CA-A93D-196DCD634014}"
EndProject
Global
	GlobalSection(SolutionConfigurationPlatforms) = preSolution
		Debug|Any CPU = Debug|Any CPU
		Release|Any CPU = Release|Any CPU
	EndGlobalSection
	GlobalSection(ProjectConfigurationPlatforms) = postSolution
		{D84D0949-98FF-4D2C-B5D3-EF891AB00770}.Debug|Any CPU.ActiveCfg = Debug|Any CPU
		{D84D0949-98FF-4D2C-B5D3-EF891AB00770}.Debug|Any CPU.Build.0 = Debug|Any CPU
		{D84D0949-98FF-4D2C-B5D3-EF891AB00770}.Release|Any CPU.ActiveCfg = Release|Any CPU
		{D84D0949-98FF-4D2C-B5D3-EF891AB00770}.Release|Any CPU.Build.0 = Release|Any CPU
		{60831E20-5A78-47BC-B820-497100202D0D}.Debug|Any CPU.ActiveCfg = Debug|Any CPU
		{60831E20-5A78-47BC-B820-497100202D0D}.Debug|Any CPU.Build.0 = Debug|Any CPU
		{60831E20-5A78-47BC-B820-497100202D0D}.Release|Any CPU.ActiveCfg = Release|Any CPU
		{60831E20-5A78-47BC-B820-497100202D0D}.Release|Any CPU.Build.0 = Release|Any CPU
		{2ADEF104-CE42-426B-B73C-7757C121EA69}.Debug|Any CPU.ActiveCfg = Debug|Any CPU
		{2ADEF104-CE42-426B-B73C-7757C121EA69}.Debug|Any CPU.Build.0 = Debug|Any CPU
		{2ADEF104-CE42-426B-B73C-7757C121EA69}.Release|Any CPU.ActiveCfg = Release|Any CPU
		{2ADEF104-CE42-426B-B73C-7757C121EA69}.Release|Any CPU.Build.0 = Release|Any CPU
		{7E99391E-AEC9-412C-98FF-93D41BD6B3B4}.Debug|Any CPU.ActiveCfg = Debug|Any CPU
		{7E99391E-AEC9-412C-98FF-93D41BD6B3B4}.Debug|Any CPU.Build.0 = Debug|Any CPU
		{7E99391E-AEC9-412C-98FF-93D41BD6B3B4}.Release|Any CPU.ActiveCfg = Release|Any CPU
		{7E99391E-AEC9-412C-98FF-93D41BD6B3B4}.Release|Any CPU.Build.0 = Release|Any CPU
		{706EE9AF-3770-4460-9BD7-19C414D1B83D}.Debug|Any CPU.ActiveCfg = Debug|Any CPU
		{706EE9AF-3770-4460-9BD7-19C414D1B83D}.Debug|Any CPU.Build.0 = Debug|Any CPU
		{706EE9AF-3770-4460-9BD7-19C414D1B83D}.Release|Any CPU.ActiveCfg = Release|Any CPU
		{706EE9AF-3770-4460-9BD7-19C414D1B83D}.Release|Any CPU.Build.0 = Release|Any CPU
		{A97FA813-7967-4CCB-BFD1-88BF921775E3}.Debug|Any CPU.ActiveCfg = Debug|Any CPU
		{A97FA813-7967-4CCB-BFD1-88BF921775E3}.Debug|Any CPU.Build.0 = Debug|Any CPU
		{A97FA813-7967-4CCB-BFD1-88BF921775E3}.Release|Any CPU.ActiveCfg = Release|Any CPU
		{A97FA813-7967-4CCB-BFD1-88BF921775E3}.Release|Any CPU.Build.0 = Release|Any CPU
		{6ED4EC45-14FA-42B7-A77F-87E3D230010B}.Debug|Any CPU.ActiveCfg = Debug|Any CPU
		{6ED4EC45-14FA-42B7-A77F-87E3D230010B}.Debug|Any CPU.Build.0 = Debug|Any CPU
		{6ED4EC45-14FA-42B7-A77F-87E3D230010B}.Release|Any CPU.ActiveCfg = Release|Any CPU
		{6ED4EC45-14FA-42B7-A77F-87E3D230010B}.Release|Any CPU.Build.0 = Release|Any CPU
		{2DF911D1-6652-4797-86DE-847718330B19}.Debug|Any CPU.ActiveCfg = Debug|Any CPU
		{2DF911D1-6652-4797-86DE-847718330B19}.Debug|Any CPU.Build.0 = Debug|Any CPU
		{2DF911D1-6652-4797-86DE-847718330B19}.Release|Any CPU.ActiveCfg = Release|Any CPU
		{2DF911D1-6652-4797-86DE-847718330B19}.Release|Any CPU.Build.0 = Release|Any CPU
		{B748F109-2842-4104-9498-9ACA48020FA1}.Debug|Any CPU.ActiveCfg = Debug|Any CPU
		{B748F109-2842-4104-9498-9ACA48020FA1}.Debug|Any CPU.Build.0 = Debug|Any CPU
		{B748F109-2842-4104-9498-9ACA48020FA1}.Release|Any CPU.ActiveCfg = Release|Any CPU
		{B748F109-2842-4104-9498-9ACA48020FA1}.Release|Any CPU.Build.0 = Release|Any CPU
		{E3A6784C-B386-48CA-A93D-196DCD634014}.Debug|Any CPU.ActiveCfg = Debug|Any CPU
		{E3A6784C-B386-48CA-A93D-196DCD634014}.Debug|Any CPU.Build.0 = Debug|Any CPU
		{E3A6784C-B386-48CA-A93D-196DCD634014}.Release|Any CPU.ActiveCfg = Release|Any CPU
		{E3A6784C-B386-48CA-A93D-196DCD634014}.Release|Any CPU.Build.0 = Release|Any CPU
	EndGlobalSection
	GlobalSection(SolutionProperties) = preSolution
		HideSolutionNode = FALSE
	EndGlobalSection
	GlobalSection(NestedProjects) = preSolution
		{60831E20-5A78-47BC-B820-497100202D0D} = {BD5F3962-5C8A-473B-8D38-6AA35C629DE7}
		{2ADEF104-CE42-426B-B73C-7757C121EA69} = {BD5F3962-5C8A-473B-8D38-6AA35C629DE7}
		{7E99391E-AEC9-412C-98FF-93D41BD6B3B4} = {BD5F3962-5C8A-473B-8D38-6AA35C629DE7}
		{706EE9AF-3770-4460-9BD7-19C414D1B83D} = {BD5F3962-5C8A-473B-8D38-6AA35C629DE7}
		{A97FA813-7967-4CCB-BFD1-88BF921775E3} = {474790D5-9566-493B-B732-A2F06B559423}
		{6ED4EC45-14FA-42B7-A77F-87E3D230010B} = {474790D5-9566-493B-B732-A2F06B559423}
		{2DF911D1-6652-4797-86DE-847718330B19} = {474790D5-9566-493B-B732-A2F06B559423}
		{B748F109-2842-4104-9498-9ACA48020FA1} = {474790D5-9566-493B-B732-A2F06B559423}
	EndGlobalSection
	GlobalSection(ExtensibilityGlobals) = postSolution
		SolutionGuid = {E80487DE-7FDA-4D2B-972A-2DBD15704175}
	EndGlobalSection
EndGlobal
